
Microsoft Visual Studio Solution File, Format Version 12.00
# Visual Studio 15
VisualStudioVersion = 15.0.27004.2009
MinimumVisualStudioVersion = 10.0.40219.1
Project("{FAE04EC0-301F-11D3-BF4B-00C04F79EFBC}") = "DAL", "DAL\DAL.csproj", "{4A8E343B-F20E-4668-8A2A-3CB0F3840885}"
EndProject
Project("{FAE04EC0-301F-11D3-BF4B-00C04F79EFBC}") = "ConsoleTestJson", "ConsoleTestJson\ConsoleTestJson.csproj", "{C0FC9DFA-90A2-422E-A7DF-A09C43B94465}"
EndProject
Project("{FAE04EC0-301F-11D3-BF4B-00C04F79EFBC}") = "WebSiteApi", "WebSiteApi\WebSiteApi.csproj", "{F32C6AA2-CBCE-4C9E-8472-B064010640AD}"
EndProject
Global
	GlobalSection(SolutionConfigurationPlatforms) = preSolution
		Debug|Any CPU = Debug|Any CPU
		Release|Any CPU = Release|Any CPU
	EndGlobalSection
	GlobalSection(ProjectConfigurationPlatforms) = postSolution
		{4A8E343B-F20E-4668-8A2A-3CB0F3840885}.Debug|Any CPU.ActiveCfg = Debug|Any CPU
		{4A8E343B-F20E-4668-8A2A-3CB0F3840885}.Debug|Any CPU.Build.0 = Debug|Any CPU
		{4A8E343B-F20E-4668-8A2A-3CB0F3840885}.Release|Any CPU.ActiveCfg = Release|Any CPU
		{4A8E343B-F20E-4668-8A2A-3CB0F3840885}.Release|Any CPU.Build.0 = Release|Any CPU
		{C0FC9DFA-90A2-422E-A7DF-A09C43B94465}.Debug|Any CPU.ActiveCfg = Debug|Any CPU
		{C0FC9DFA-90A2-422E-A7DF-A09C43B94465}.Debug|Any CPU.Build.0 = Debug|Any CPU
		{C0FC9DFA-90A2-422E-A7DF-A09C43B94465}.Release|Any CPU.ActiveCfg = Release|Any CPU
		{C0FC9DFA-90A2-422E-A7DF-A09C43B94465}.Release|Any CPU.Build.0 = Release|Any CPU
		{F32C6AA2-CBCE-4C9E-8472-B064010640AD}.Debug|Any CPU.ActiveCfg = Debug|Any CPU
		{F32C6AA2-CBCE-4C9E-8472-B064010640AD}.Debug|Any CPU.Build.0 = Debug|Any CPU
		{F32C6AA2-CBCE-4C9E-8472-B064010640AD}.Release|Any CPU.ActiveCfg = Release|Any CPU
		{F32C6AA2-CBCE-4C9E-8472-B064010640AD}.Release|Any CPU.Build.0 = Release|Any CPU
	EndGlobalSection
	GlobalSection(SolutionProperties) = preSolution
		HideSolutionNode = FALSE
	EndGlobalSection
	GlobalSection(ExtensibilityGlobals) = postSolution
		SolutionGuid = {F00EA750-81A5-4CC7-B090-2734B5754029}
	EndGlobalSection
EndGlobal
